github.com/google/go-cmp v0.5.9 h1:O2Tfq5qg4qc4AmwVlvv0oLiVAGB7enBSJ2x2DqQFi38=
github.com/google/go-cmp v0.5.9/go.mod h1:17dUlkBOakJ0+DkrSSNjCkIjxS6bF9zb3elmeNGIjoY=
github.com/shogo82148/aws-xray-yasdk-go v1.7.0 h1:A3Jg9j+k3au1sol0YppvyWF4Dm6BvPOpudoNPdlzEyM=
github.com/shogo82148/aws-xray-yasdk-go v1.7.0/go.mod h1:oz8SCOMbtQvC6TbfMKVzl6aJjpiaqwvATlV6RN0vJ3Q=
github.com/shogo82148/go-http-logger v1.3.0 h1:4mTca6oyIXZrBXVrwzCdu3oWzI8r8aaBbM7sTsZituk=
github.com/shogo82148/go-http-logger v1.3.0/go.mod h1:kT0vCPqUkYd9WVdLvZIQ0nIl/atEdfuyJCIpsBLOqz8=
github.com/shogo82148/ridgenative v1.4.0 h1:yBsshqKQ86Y155CzgW3iC34DPwpcClceCJ8JQBd36UE=
github.com/shogo82148/ridgenative v1.4.0/go.mod h1:PInWLpQIV0RsZI3j81ZH87hQ2knhDiMGbeDuTli3QIE=
